
Microsoft Visual Studio Solution File, Format Version 12.00
# Visual Studio Version 16
VisualStudioVersion = 16.0.31729.503
MinimumVisualStudioVersion = 10.0.40219.1
Project("{8BC9CEB8-8B4A-11D0-8D11-00A0C91BC942}") = "BackJoon_1_1", "BackJoon\BackJoon.vcxproj", "{A10EEB2A-2A22-4DBE-A7B2-2E38E2A1D814}"
EndProject
Project("{8BC9CEB8-8B4A-11D0-8D11-00A0C91BC942}") = "BackJoon_1_2", "BackJoon1_2\BackJoon1_2.vcxproj", "{FE589D72-24FB-44F0-BD37-69229220FAA8}"
EndProject
Project("{8BC9CEB8-8B4A-11D0-8D11-00A0C91BC942}") = "BackJoon_1_3", "BackJoon_1_3\BackJoon_1_3.vcxproj", "{BBD493B8-E3EE-423C-9E90-C722E5BF3121}"
EndProject
Project("{8BC9CEB8-8B4A-11D0-8D11-00A0C91BC942}") = "BackJoon_1_4", "BackJoon_1_4\BackJoon_1_4.vcxproj", "{8C189C39-1CE7-48BE-8FFB-245F0644BD5A}"
EndProject
Project("{8BC9CEB8-8B4A-11D0-8D11-00A0C91BC942}") = "BackJoon_1_5", "BackJoon_1_5\BackJoon_1_5.vcxproj", "{1E6CE3AD-F13C-4F0C-A3F3-E234C8743C40}"
EndProject
Project("{8BC9CEB8-8B4A-11D0-8D11-00A0C91BC942}") = "BackJoon_1_9", "BackJoon_1_9\BackJoon_1_9.vcxproj", "{29BDE5FA-E5F6-4ECC-95C0-06C74DAFBF27}"
EndProject
Project("{8BC9CEB8-8B4A-11D0-8D11-00A0C91BC942}") = "BackJoon_1_10", "BackJoon_1_10\BackJoon_1_10.vcxproj", "{0BF3FD0F-711C-4B2C-A6A9-09A971952772}"
EndProject
Project("{8BC9CEB8-8B4A-11D0-8D11-00A0C91BC942}") = "BackJoon_1_11", "BackJoon_1_11\BackJoon_1_11.vcxproj", "{719334B8-F73D-4BC0-92FD-A36FDA2BDC65}"
EndProject
Project("{8BC9CEB8-8B4A-11D0-8D11-00A0C91BC942}") = "BackJoon_2_1", "BackJoon_2_1\BackJoon_2_1.vcxproj", "{736D0449-C00D-44B7-8118-71B85D1A064B}"
EndProject
Project("{8BC9CEB8-8B4A-11D0-8D11-00A0C91BC942}") = "BackJoon_2_2", "BackJoon_2_2\BackJoon_2_2.vcxproj", "{1AF33CC5-B19B-4BBD-B947-B0FA0B0E4F87}"
EndProject
Project("{8BC9CEB8-8B4A-11D0-8D11-00A0C91BC942}") = "BackJoon_2_3", "BackJoon_2_3\BackJoon_2_3.vcxproj", "{6D5EF471-2E8E-49FB-B81B-E979E1FC8F5E}"
EndProject
Project("{8BC9CEB8-8B4A-11D0-8D11-00A0C91BC942}") = "BackJoon_2_4", "BackJoon_2_4\BackJoon_2_4.vcxproj", "{730C5FFF-95A2-46E6-B04C-09A06B186992}"
EndProject
Project("{8BC9CEB8-8B4A-11D0-8D11-00A0C91BC942}") = "BackJoon_2_5", "BackJoon_2_5\BackJoon_2_5.vcxproj", "{D13D1137-BB95-4B94-A599-305859D677AA}"
EndProject
Project("{8BC9CEB8-8B4A-11D0-8D11-00A0C91BC942}") = "BackJoon_3_1", "BackJoon_3_1\BackJoon_3_1.vcxproj", "{A8378A0C-F288-46B2-8E89-4AA7498AAEA7}"
EndProject
Project("{8BC9CEB8-8B4A-11D0-8D11-00A0C91BC942}") = "BackJoon_3_2", "BackJoon_3_2\BackJoon_3_2.vcxproj", "{5266187F-CD2B-47DE-A7B0-71B1204CD084}"
EndProject
Project("{8BC9CEB8-8B4A-11D0-8D11-00A0C91BC942}") = "BackJoon_3_3", "BackJoon_3_3\BackJoon_3_3.vcxproj", "{CC15E7BC-5D3A-458B-86AB-A21FA24BE078}"
EndProject
Project("{8BC9CEB8-8B4A-11D0-8D11-00A0C91BC942}") = "BackJoon_3_4", "BackJoon_3_4\BackJoon_3_4.vcxproj", "{6E15CE54-699F-4D3B-A401-DABAEFAC6637}"
EndProject
Project("{8BC9CEB8-8B4A-11D0-8D11-00A0C91BC942}") = "BackJoon_3_5", "BackJoon_3_5\BackJoon_3_5.vcxproj", "{E4BF0367-CA63-4026-98DB-56E0E54BA463}"
EndProject
Project("{8BC9CEB8-8B4A-11D0-8D11-00A0C91BC942}") = "BackJoon_3_6", "BackJoon_3_6\BackJoon_3_6.vcxproj", "{F67C54A5-DD37-4235-8D97-2B5DC5437B3F}"
EndProject
Project("{8BC9CEB8-8B4A-11D0-8D11-00A0C91BC942}") = "BackJoon_3_7", "BackJoon_3_7\BackJoon_3_7.vcxproj", "{7F5BFE0E-D7E4-4B3E-8142-636C073C4287}"
EndProject
Project("{8BC9CEB8-8B4A-11D0-8D11-00A0C91BC942}") = "BackJoon_3_8", "BackJoon_3_8\BackJoon_3_8.vcxproj", "{253EC690-A4ED-4139-B8A3-108356D689DA}"
EndProject
Project("{8BC9CEB8-8B4A-11D0-8D11-00A0C91BC942}") = "BackJoon_3_9", "BackJoon_3_9\BackJoon_3_9.vcxproj", "{6B6CAB0C-818A-4C17-8F1A-CEE26BBBD827}"
EndProject
Project("{8BC9CEB8-8B4A-11D0-8D11-00A0C91BC942}") = "BackJoon_3_10", "BackJoon_3_10\BackJoon_3_10.vcxproj", "{C534A9BE-2C94-4FFC-A398-F0DAA7FCB522}"
EndProject
Project("{8BC9CEB8-8B4A-11D0-8D11-00A0C91BC942}") = "BJ_while_1", "BJ_while_1\BJ_while_1.vcxproj", "{3698FF24-C8D1-4E93-B242-D07D76940D83}"
EndProject
Project("{8BC9CEB8-8B4A-11D0-8D11-00A0C91BC942}") = "BJ_while_3", "BJ_while_2\BJ_while_2.vcxproj", "{50E1C34F-DD91-4F18-AE56-20AEEE46C8A9}"
EndProject
Project("{8BC9CEB8-8B4A-11D0-8D11-00A0C91BC942}") = "BJ_array_1", "BJ_array_1\BJ_array_1.vcxproj", "{6705042C-3F21-444A-96B4-23AC3AE43182}"
EndProject
Project("{8BC9CEB8-8B4A-11D0-8D11-00A0C91BC942}") = "BJ_array_2", "BJ_array_2\BJ_array_2.vcxproj", "{5BAAEDB3-B3BA-42D4-BBAF-520F59BEF08E}"
EndProject
Project("{8BC9CEB8-8B4A-11D0-8D11-00A0C91BC942}") = "BJ_array_3", "BJ_array_3\BJ_array_3.vcxproj", "{B7CF6ACA-290F-4DD4-9443-DC46B8A37C90}"
EndProject
Project("{8BC9CEB8-8B4A-11D0-8D11-00A0C91BC942}") = "BJ_array_4", "BJ_attay_3\BJ_attay_3.vcxproj", "{2E2C08C6-6418-49C5-8E44-72912F0A2986}"
EndProject
Project("{8BC9CEB8-8B4A-11D0-8D11-00A0C91BC942}") = "BJ_array_5", "BJ_array_5\BJ_array_5.vcxproj", "{107551D2-8CD0-4CCD-B3FD-F057B72B2BB1}"
EndProject
Project("{8BC9CEB8-8B4A-11D0-8D11-00A0C91BC942}") = "BJ_array_6", "BJ_array_6\BJ_array_6.vcxproj", "{CDA83142-A0D3-4379-B522-9E6D3A2AD4B9}"
EndProject
Project("{8BC9CEB8-8B4A-11D0-8D11-00A0C91BC942}") = "BJ_array_7", "BJ_array_7\BJ_array_7.vcxproj", "{21C16B65-F990-428F-A644-0A522FD48ADA}"
EndProject
Project("{8BC9CEB8-8B4A-11D0-8D11-00A0C91BC942}") = "BJ_Function_1", "BJ_Function_1\BJ_Function_1.vcxproj", "{58E32466-0369-452B-8281-542EAFC4A9EE}"
EndProject
Project("{8BC9CEB8-8B4A-11D0-8D11-00A0C91BC942}") = "BJ_Function_2", "BJ_Function_2\BJ_Function_2.vcxproj", "{30F1F85A-51DF-4AFB-B7BD-6C148F6F414C}"
EndProject
Project("{8BC9CEB8-8B4A-11D0-8D11-00A0C91BC942}") = "BJ_Function_3", "BJ_Function_3\BJ_Function_3.vcxproj", "{9746FA3C-3E63-406E-89EE-7039D7B833C6}"
EndProject
Project("{8BC9CEB8-8B4A-11D0-8D11-00A0C91BC942}") = "BJ_string_2", "BJ_string_5\BJ_string_5.vcxproj", "{EC0002E3-4ED2-4072-B4AF-68499FC729CA}"
EndProject
Project("{8BC9CEB8-8B4A-11D0-8D11-00A0C91BC942}") = "BJ_string_3", "bJ_string_3\bJ_string_3.vcxproj", "{A8E2B696-DA53-45A0-A23B-7B79A100F647}"
EndProject
Project("{8BC9CEB8-8B4A-11D0-8D11-00A0C91BC942}") = "BJ_string_4", "BJ_string_4\BJ_string_4.vcxproj", "{A8E85D6F-C880-465C-ACEE-6058F3D65FCF}"
EndProject
Project("{8BC9CEB8-8B4A-11D0-8D11-00A0C91BC942}") = "BJ_string_5", "BJ_6\BJ_6.vcxproj", "{6B0855C9-2411-47BA-97B4-32A59477373D}"
EndProject
Project("{8BC9CEB8-8B4A-11D0-8D11-00A0C91BC942}") = "BJ_string_1", "BJ_string_1\BJ_string_1.vcxproj", "{F614DF7A-B9DB-472A-B7E4-B0FE958FA06D}"
EndProject
Project("{8BC9CEB8-8B4A-11D0-8D11-00A0C91BC942}") = "BJ_string_6", "BJ_string_6\BJ_string_6.vcxproj", "{3BABB1A5-0F8F-4167-8830-34B84E2751F8}"
EndProject
Project("{8BC9CEB8-8B4A-11D0-8D11-00A0C91BC942}") = "BJ_string_7", "BJ_string_7\BJ_string_7.vcxproj", "{4836C6A1-1B33-4BB3-A1CA-944D67F1974E}"
EndProject
Project("{8BC9CEB8-8B4A-11D0-8D11-00A0C91BC942}") = "BJ_string_8", "BJ_string_8\BJ_string_8.vcxproj", "{BED9FE2C-AAA4-406E-863D-9EEE53A4DB0B}"
EndProject
Project("{8BC9CEB8-8B4A-11D0-8D11-00A0C91BC942}") = "BJ_string_9", "BJ_string_9\BJ_string_9.vcxproj", "{F67F83C1-3241-4642-8A68-2401CF82C8C1}"
EndProject
Global
	GlobalSection(SolutionConfigurationPlatforms) = preSolution
		Debug|x64 = Debug|x64
		Debug|x86 = Debug|x86
		Release|x64 = Release|x64
		Release|x86 = Release|x86
	EndGlobalSection
	GlobalSection(ProjectConfigurationPlatforms) = postSolution
		{A10EEB2A-2A22-4DBE-A7B2-2E38E2A1D814}.Debug|x64.ActiveCfg = Debug|x64
		{A10EEB2A-2A22-4DBE-A7B2-2E38E2A1D814}.Debug|x64.Build.0 = Debug|x64
		{A10EEB2A-2A22-4DBE-A7B2-2E38E2A1D814}.Debug|x86.ActiveCfg = Debug|Win32
		{A10EEB2A-2A22-4DBE-A7B2-2E38E2A1D814}.Debug|x86.Build.0 = Debug|Win32
		{A10EEB2A-2A22-4DBE-A7B2-2E38E2A1D814}.Release|x64.ActiveCfg = Release|x64
		{A10EEB2A-2A22-4DBE-A7B2-2E38E2A1D814}.Release|x64.Build.0 = Release|x64
		{A10EEB2A-2A22-4DBE-A7B2-2E38E2A1D814}.Release|x86.ActiveCfg = Release|Win32
		{A10EEB2A-2A22-4DBE-A7B2-2E38E2A1D814}.Release|x86.Build.0 = Release|Win32
		{FE589D72-24FB-44F0-BD37-69229220FAA8}.Debug|x64.ActiveCfg = Debug|x64
		{FE589D72-24FB-44F0-BD37-69229220FAA8}.Debug|x64.Build.0 = Debug|x64
		{FE589D72-24FB-44F0-BD37-69229220FAA8}.Debug|x86.ActiveCfg = Debug|Win32
		{FE589D72-24FB-44F0-BD37-69229220FAA8}.Debug|x86.Build.0 = Debug|Win32
		{FE589D72-24FB-44F0-BD37-69229220FAA8}.Release|x64.ActiveCfg = Release|x64
		{FE589D72-24FB-44F0-BD37-69229220FAA8}.Release|x64.Build.0 = Release|x64
		{FE589D72-24FB-44F0-BD37-69229220FAA8}.Release|x86.ActiveCfg = Release|Win32
		{FE589D72-24FB-44F0-BD37-69229220FAA8}.Release|x86.Build.0 = Release|Win32
		{BBD493B8-E3EE-423C-9E90-C722E5BF3121}.Debug|x64.ActiveCfg = Debug|x64
		{BBD493B8-E3EE-423C-9E90-C722E5BF3121}.Debug|x64.Build.0 = Debug|x64
		{BBD493B8-E3EE-423C-9E90-C722E5BF3121}.Debug|x86.ActiveCfg = Debug|Win32
		{BBD493B8-E3EE-423C-9E90-C722E5BF3121}.Debug|x86.Build.0 = Debug|Win32
		{BBD493B8-E3EE-423C-9E90-C722E5BF3121}.Release|x64.ActiveCfg = Release|x64
		{BBD493B8-E3EE-423C-9E90-C722E5BF3121}.Release|x64.Build.0 = Release|x64
		{BBD493B8-E3EE-423C-9E90-C722E5BF3121}.Release|x86.ActiveCfg = Release|Win32
		{BBD493B8-E3EE-423C-9E90-C722E5BF3121}.Release|x86.Build.0 = Release|Win32
		{8C189C39-1CE7-48BE-8FFB-245F0644BD5A}.Debug|x64.ActiveCfg = Debug|x64
		{8C189C39-1CE7-48BE-8FFB-245F0644BD5A}.Debug|x64.Build.0 = Debug|x64
		{8C189C39-1CE7-48BE-8FFB-245F0644BD5A}.Debug|x86.ActiveCfg = Debug|Win32
		{8C189C39-1CE7-48BE-8FFB-245F0644BD5A}.Debug|x86.Build.0 = Debug|Win32
		{8C189C39-1CE7-48BE-8FFB-245F0644BD5A}.Release|x64.ActiveCfg = Release|x64
		{8C189C39-1CE7-48BE-8FFB-245F0644BD5A}.Release|x64.Build.0 = Release|x64
		{8C189C39-1CE7-48BE-8FFB-245F0644BD5A}.Release|x86.ActiveCfg = Release|Win32
		{8C189C39-1CE7-48BE-8FFB-245F0644BD5A}.Release|x86.Build.0 = Release|Win32
		{1E6CE3AD-F13C-4F0C-A3F3-E234C8743C40}.Debug|x64.ActiveCfg = Debug|x64
		{1E6CE3AD-F13C-4F0C-A3F3-E234C8743C40}.Debug|x64.Build.0 = Debug|x64
		{1E6CE3AD-F13C-4F0C-A3F3-E234C8743C40}.Debug|x86.ActiveCfg = Debug|Win32
		{1E6CE3AD-F13C-4F0C-A3F3-E234C8743C40}.Debug|x86.Build.0 = Debug|Win32
		{1E6CE3AD-F13C-4F0C-A3F3-E234C8743C40}.Release|x64.ActiveCfg = Release|x64
		{1E6CE3AD-F13C-4F0C-A3F3-E234C8743C40}.Release|x64.Build.0 = Release|x64
		{1E6CE3AD-F13C-4F0C-A3F3-E234C8743C40}.Release|x86.ActiveCfg = Release|Win32
		{1E6CE3AD-F13C-4F0C-A3F3-E234C8743C40}.Release|x86.Build.0 = Release|Win32
		{29BDE5FA-E5F6-4ECC-95C0-06C74DAFBF27}.Debug|x64.ActiveCfg = Debug|x64
		{29BDE5FA-E5F6-4ECC-95C0-06C74DAFBF27}.Debug|x64.Build.0 = Debug|x64
		{29BDE5FA-E5F6-4ECC-95C0-06C74DAFBF27}.Debug|x86.ActiveCfg = Debug|Win32
		{29BDE5FA-E5F6-4ECC-95C0-06C74DAFBF27}.Debug|x86.Build.0 = Debug|Win32
		{29BDE5FA-E5F6-4ECC-95C0-06C74DAFBF27}.Release|x64.ActiveCfg = Release|x64
		{29BDE5FA-E5F6-4ECC-95C0-06C74DAFBF27}.Release|x64.Build.0 = Release|x64
		{29BDE5FA-E5F6-4ECC-95C0-06C74DAFBF27}.Release|x86.ActiveCfg = Release|Win32
		{29BDE5FA-E5F6-4ECC-95C0-06C74DAFBF27}.Release|x86.Build.0 = Release|Win32
		{0BF3FD0F-711C-4B2C-A6A9-09A971952772}.Debug|x64.ActiveCfg = Debug|x64
		{0BF3FD0F-711C-4B2C-A6A9-09A971952772}.Debug|x64.Build.0 = Debug|x64
		{0BF3FD0F-711C-4B2C-A6A9-09A971952772}.Debug|x86.ActiveCfg = Debug|Win32
		{0BF3FD0F-711C-4B2C-A6A9-09A971952772}.Debug|x86.Build.0 = Debug|Win32
		{0BF3FD0F-711C-4B2C-A6A9-09A971952772}.Release|x64.ActiveCfg = Release|x64
		{0BF3FD0F-711C-4B2C-A6A9-09A971952772}.Release|x64.Build.0 = Release|x64
		{0BF3FD0F-711C-4B2C-A6A9-09A971952772}.Release|x86.ActiveCfg = Release|Win32
		{0BF3FD0F-711C-4B2C-A6A9-09A971952772}.Release|x86.Build.0 = Release|Win32
		{719334B8-F73D-4BC0-92FD-A36FDA2BDC65}.Debug|x64.ActiveCfg = Debug|x64
		{719334B8-F73D-4BC0-92FD-A36FDA2BDC65}.Debug|x64.Build.0 = Debug|x64
		{719334B8-F73D-4BC0-92FD-A36FDA2BDC65}.Debug|x86.ActiveCfg = Debug|Win32
		{719334B8-F73D-4BC0-92FD-A36FDA2BDC65}.Debug|x86.Build.0 = Debug|Win32
		{719334B8-F73D-4BC0-92FD-A36FDA2BDC65}.Release|x64.ActiveCfg = Release|x64
		{719334B8-F73D-4BC0-92FD-A36FDA2BDC65}.Release|x64.Build.0 = Release|x64
		{719334B8-F73D-4BC0-92FD-A36FDA2BDC65}.Release|x86.ActiveCfg = Release|Win32
		{719334B8-F73D-4BC0-92FD-A36FDA2BDC65}.Release|x86.Build.0 = Release|Win32
		{736D0449-C00D-44B7-8118-71B85D1A064B}.Debug|x64.ActiveCfg = Debug|x64
		{736D0449-C00D-44B7-8118-71B85D1A064B}.Debug|x64.Build.0 = Debug|x64
		{736D0449-C00D-44B7-8118-71B85D1A064B}.Debug|x86.ActiveCfg = Debug|Win32
		{736D0449-C00D-44B7-8118-71B85D1A064B}.Debug|x86.Build.0 = Debug|Win32
		{736D0449-C00D-44B7-8118-71B85D1A064B}.Release|x64.ActiveCfg = Release|x64
		{736D0449-C00D-44B7-8118-71B85D1A064B}.Release|x64.Build.0 = Release|x64
		{736D0449-C00D-44B7-8118-71B85D1A064B}.Release|x86.ActiveCfg = Release|Win32
		{736D0449-C00D-44B7-8118-71B85D1A064B}.Release|x86.Build.0 = Release|Win32
		{1AF33CC5-B19B-4BBD-B947-B0FA0B0E4F87}.Debug|x64.ActiveCfg = Debug|x64
		{1AF33CC5-B19B-4BBD-B947-B0FA0B0E4F87}.Debug|x64.Build.0 = Debug|x64
		{1AF33CC5-B19B-4BBD-B947-B0FA0B0E4F87}.Debug|x86.ActiveCfg = Debug|Win32
		{1AF33CC5-B19B-4BBD-B947-B0FA0B0E4F87}.Debug|x86.Build.0 = Debug|Win32
		{1AF33CC5-B19B-4BBD-B947-B0FA0B0E4F87}.Release|x64.ActiveCfg = Release|x64
		{1AF33CC5-B19B-4BBD-B947-B0FA0B0E4F87}.Release|x64.Build.0 = Release|x64
		{1AF33CC5-B19B-4BBD-B947-B0FA0B0E4F87}.Release|x86.ActiveCfg = Release|Win32
		{1AF33CC5-B19B-4BBD-B947-B0FA0B0E4F87}.Release|x86.Build.0 = Release|Win32
		{6D5EF471-2E8E-49FB-B81B-E979E1FC8F5E}.Debug|x64.ActiveCfg = Debug|x64
		{6D5EF471-2E8E-49FB-B81B-E979E1FC8F5E}.Debug|x64.Build.0 = Debug|x64
		{6D5EF471-2E8E-49FB-B81B-E979E1FC8F5E}.Debug|x86.ActiveCfg = Debug|Win32
		{6D5EF471-2E8E-49FB-B81B-E979E1FC8F5E}.Debug|x86.Build.0 = Debug|Win32
		{6D5EF471-2E8E-49FB-B81B-E979E1FC8F5E}.Release|x64.ActiveCfg = Release|x64
		{6D5EF471-2E8E-49FB-B81B-E979E1FC8F5E}.Release|x64.Build.0 = Release|x64
		{6D5EF471-2E8E-49FB-B81B-E979E1FC8F5E}.Release|x86.ActiveCfg = Release|Win32
		{6D5EF471-2E8E-49FB-B81B-E979E1FC8F5E}.Release|x86.Build.0 = Release|Win32
		{730C5FFF-95A2-46E6-B04C-09A06B186992}.Debug|x64.ActiveCfg = Debug|x64
		{730C5FFF-95A2-46E6-B04C-09A06B186992}.Debug|x64.Build.0 = Debug|x64
		{730C5FFF-95A2-46E6-B04C-09A06B186992}.Debug|x86.ActiveCfg = Debug|Win32
		{730C5FFF-95A2-46E6-B04C-09A06B186992}.Debug|x86.Build.0 = Debug|Win32
		{730C5FFF-95A2-46E6-B04C-09A06B186992}.Release|x64.ActiveCfg = Release|x64
		{730C5FFF-95A2-46E6-B04C-09A06B186992}.Release|x64.Build.0 = Release|x64
		{730C5FFF-95A2-46E6-B04C-09A06B186992}.Release|x86.ActiveCfg = Release|Win32
		{730C5FFF-95A2-46E6-B04C-09A06B186992}.Release|x86.Build.0 = Release|Win32
		{D13D1137-BB95-4B94-A599-305859D677AA}.Debug|x64.ActiveCfg = Debug|x64
		{D13D1137-BB95-4B94-A599-305859D677AA}.Debug|x64.Build.0 = Debug|x64
		{D13D1137-BB95-4B94-A599-305859D677AA}.Debug|x86.ActiveCfg = Debug|Win32
		{D13D1137-BB95-4B94-A599-305859D677AA}.Debug|x86.Build.0 = Debug|Win32
		{D13D1137-BB95-4B94-A599-305859D677AA}.Release|x64.ActiveCfg = Release|x64
		{D13D1137-BB95-4B94-A599-305859D677AA}.Release|x64.Build.0 = Release|x64
		{D13D1137-BB95-4B94-A599-305859D677AA}.Release|x86.ActiveCfg = Release|Win32
		{D13D1137-BB95-4B94-A599-305859D677AA}.Release|x86.Build.0 = Release|Win32
		{A8378A0C-F288-46B2-8E89-4AA7498AAEA7}.Debug|x64.ActiveCfg = Debug|x64
		{A8378A0C-F288-46B2-8E89-4AA7498AAEA7}.Debug|x64.Build.0 = Debug|x64
		{A8378A0C-F288-46B2-8E89-4AA7498AAEA7}.Debug|x86.ActiveCfg = Debug|Win32
		{A8378A0C-F288-46B2-8E89-4AA7498AAEA7}.Debug|x86.Build.0 = Debug|Win32
		{A8378A0C-F288-46B2-8E89-4AA7498AAEA7}.Release|x64.ActiveCfg = Release|x64
		{A8378A0C-F288-46B2-8E89-4AA7498AAEA7}.Release|x64.Build.0 = Release|x64
		{A8378A0C-F288-46B2-8E89-4AA7498AAEA7}.Release|x86.ActiveCfg = Release|Win32
		{A8378A0C-F288-46B2-8E89-4AA7498AAEA7}.Release|x86.Build.0 = Release|Win32
		{5266187F-CD2B-47DE-A7B0-71B1204CD084}.Debug|x64.ActiveCfg = Debug|x64
		{5266187F-CD2B-47DE-A7B0-71B1204CD084}.Debug|x64.Build.0 = Debug|x64
		{5266187F-CD2B-47DE-A7B0-71B1204CD084}.Debug|x86.ActiveCfg = Debug|Win32
		{5266187F-CD2B-47DE-A7B0-71B1204CD084}.Debug|x86.Build.0 = Debug|Win32
		{5266187F-CD2B-47DE-A7B0-71B1204CD084}.Release|x64.ActiveCfg = Release|x64
		{5266187F-CD2B-47DE-A7B0-71B1204CD084}.Release|x64.Build.0 = Release|x64
		{5266187F-CD2B-47DE-A7B0-71B1204CD084}.Release|x86.ActiveCfg = Release|Win32
		{5266187F-CD2B-47DE-A7B0-71B1204CD084}.Release|x86.Build.0 = Release|Win32
		{CC15E7BC-5D3A-458B-86AB-A21FA24BE078}.Debug|x64.ActiveCfg = Debug|x64
		{CC15E7BC-5D3A-458B-86AB-A21FA24BE078}.Debug|x64.Build.0 = Debug|x64
		{CC15E7BC-5D3A-458B-86AB-A21FA24BE078}.Debug|x86.ActiveCfg = Debug|Win32
		{CC15E7BC-5D3A-458B-86AB-A21FA24BE078}.Debug|x86.Build.0 = Debug|Win32
		{CC15E7BC-5D3A-458B-86AB-A21FA24BE078}.Release|x64.ActiveCfg = Release|x64
		{CC15E7BC-5D3A-458B-86AB-A21FA24BE078}.Release|x64.Build.0 = Release|x64
		{CC15E7BC-5D3A-458B-86AB-A21FA24BE078}.Release|x86.ActiveCfg = Release|Win32
		{CC15E7BC-5D3A-458B-86AB-A21FA24BE078}.Release|x86.Build.0 = Release|Win32
		{6E15CE54-699F-4D3B-A401-DABAEFAC6637}.Debug|x64.ActiveCfg = Debug|x64
		{6E15CE54-699F-4D3B-A401-DABAEFAC6637}.Debug|x64.Build.0 = Debug|x64
		{6E15CE54-699F-4D3B-A401-DABAEFAC6637}.Debug|x86.ActiveCfg = Debug|Win32
		{6E15CE54-699F-4D3B-A401-DABAEFAC6637}.Debug|x86.Build.0 = Debug|Win32
		{6E15CE54-699F-4D3B-A401-DABAEFAC6637}.Release|x64.ActiveCfg = Release|x64
		{6E15CE54-699F-4D3B-A401-DABAEFAC6637}.Release|x64.Build.0 = Release|x64
		{6E15CE54-699F-4D3B-A401-DABAEFAC6637}.Release|x86.ActiveCfg = Release|Win32
		{6E15CE54-699F-4D3B-A401-DABAEFAC6637}.Release|x86.Build.0 = Release|Win32
		{E4BF0367-CA63-4026-98DB-56E0E54BA463}.Debug|x64.ActiveCfg = Debug|x64
		{E4BF0367-CA63-4026-98DB-56E0E54BA463}.Debug|x64.Build.0 = Debug|x64
		{E4BF0367-CA63-4026-98DB-56E0E54BA463}.Debug|x86.ActiveCfg = Debug|Win32
		{E4BF0367-CA63-4026-98DB-56E0E54BA463}.Debug|x86.Build.0 = Debug|Win32
		{E4BF0367-CA63-4026-98DB-56E0E54BA463}.Release|x64.ActiveCfg = Release|x64
		{E4BF0367-CA63-4026-98DB-56E0E54BA463}.Release|x64.Build.0 = Release|x64
		{E4BF0367-CA63-4026-98DB-56E0E54BA463}.Release|x86.ActiveCfg = Release|Win32
		{E4BF0367-CA63-4026-98DB-56E0E54BA463}.Release|x86.Build.0 = Release|Win32
		{F67C54A5-DD37-4235-8D97-2B5DC5437B3F}.Debug|x64.ActiveCfg = Debug|x64
		{F67C54A5-DD37-4235-8D97-2B5DC5437B3F}.Debug|x64.Build.0 = Debug|x64
		{F67C54A5-DD37-4235-8D97-2B5DC5437B3F}.Debug|x86.ActiveCfg = Debug|Win32
		{F67C54A5-DD37-4235-8D97-2B5DC5437B3F}.Debug|x86.Build.0 = Debug|Win32
		{F67C54A5-DD37-4235-8D97-2B5DC5437B3F}.Release|x64.ActiveCfg = Release|x64
		{F67C54A5-DD37-4235-8D97-2B5DC5437B3F}.Release|x64.Build.0 = Release|x64
		{F67C54A5-DD37-4235-8D97-2B5DC5437B3F}.Release|x86.ActiveCfg = Release|Win32
		{F67C54A5-DD37-4235-8D97-2B5DC5437B3F}.Release|x86.Build.0 = Release|Win32
		{7F5BFE0E-D7E4-4B3E-8142-636C073C4287}.Debug|x64.ActiveCfg = Debug|x64
		{7F5BFE0E-D7E4-4B3E-8142-636C073C4287}.Debug|x64.Build.0 = Debug|x64
		{7F5BFE0E-D7E4-4B3E-8142-636C073C4287}.Debug|x86.ActiveCfg = Debug|Win32
		{7F5BFE0E-D7E4-4B3E-8142-636C073C4287}.Debug|x86.Build.0 = Debug|Win32
		{7F5BFE0E-D7E4-4B3E-8142-636C073C4287}.Release|x64.ActiveCfg = Release|x64
		{7F5BFE0E-D7E4-4B3E-8142-636C073C4287}.Release|x64.Build.0 = Release|x64
		{7F5BFE0E-D7E4-4B3E-8142-636C073C4287}.Release|x86.ActiveCfg = Release|Win32
		{7F5BFE0E-D7E4-4B3E-8142-636C073C4287}.Release|x86.Build.0 = Release|Win32
		{253EC690-A4ED-4139-B8A3-108356D689DA}.Debug|x64.ActiveCfg = Debug|x64
		{253EC690-A4ED-4139-B8A3-108356D689DA}.Debug|x64.Build.0 = Debug|x64
		{253EC690-A4ED-4139-B8A3-108356D689DA}.Debug|x86.ActiveCfg = Debug|Win32
		{253EC690-A4ED-4139-B8A3-108356D689DA}.Debug|x86.Build.0 = Debug|Win32
		{253EC690-A4ED-4139-B8A3-108356D689DA}.Release|x64.ActiveCfg = Release|x64
		{253EC690-A4ED-4139-B8A3-108356D689DA}.Release|x64.Build.0 = Release|x64
		{253EC690-A4ED-4139-B8A3-108356D689DA}.Release|x86.ActiveCfg = Release|Win32
		{253EC690-A4ED-4139-B8A3-108356D689DA}.Release|x86.Build.0 = Release|Win32
		{6B6CAB0C-818A-4C17-8F1A-CEE26BBBD827}.Debug|x64.ActiveCfg = Debug|x64
		{6B6CAB0C-818A-4C17-8F1A-CEE26BBBD827}.Debug|x64.Build.0 = Debug|x64
		{6B6CAB0C-818A-4C17-8F1A-CEE26BBBD827}.Debug|x86.ActiveCfg = Debug|Win32
		{6B6CAB0C-818A-4C17-8F1A-CEE26BBBD827}.Debug|x86.Build.0 = Debug|Win32
		{6B6CAB0C-818A-4C17-8F1A-CEE26BBBD827}.Release|x64.ActiveCfg = Release|x64
		{6B6CAB0C-818A-4C17-8F1A-CEE26BBBD827}.Release|x64.Build.0 = Release|x64
		{6B6CAB0C-818A-4C17-8F1A-CEE26BBBD827}.Release|x86.ActiveCfg = Release|Win32
		{6B6CAB0C-818A-4C17-8F1A-CEE26BBBD827}.Release|x86.Build.0 = Release|Win32
		{C534A9BE-2C94-4FFC-A398-F0DAA7FCB522}.Debug|x64.ActiveCfg = Debug|x64
		{C534A9BE-2C94-4FFC-A398-F0DAA7FCB522}.Debug|x64.Build.0 = Debug|x64
		{C534A9BE-2C94-4FFC-A398-F0DAA7FCB522}.Debug|x86.ActiveCfg = Debug|Win32
		{C534A9BE-2C94-4FFC-A398-F0DAA7FCB522}.Debug|x86.Build.0 = Debug|Win32
		{C534A9BE-2C94-4FFC-A398-F0DAA7FCB522}.Release|x64.ActiveCfg = Release|x64
		{C534A9BE-2C94-4FFC-A398-F0DAA7FCB522}.Release|x64.Build.0 = Release|x64
		{C534A9BE-2C94-4FFC-A398-F0DAA7FCB522}.Release|x86.ActiveCfg = Release|Win32
		{C534A9BE-2C94-4FFC-A398-F0DAA7FCB522}.Release|x86.Build.0 = Release|Win32
		{3698FF24-C8D1-4E93-B242-D07D76940D83}.Debug|x64.ActiveCfg = Debug|x64
		{3698FF24-C8D1-4E93-B242-D07D76940D83}.Debug|x64.Build.0 = Debug|x64
		{3698FF24-C8D1-4E93-B242-D07D76940D83}.Debug|x86.ActiveCfg = Debug|Win32
		{3698FF24-C8D1-4E93-B242-D07D76940D83}.Debug|x86.Build.0 = Debug|Win32
		{3698FF24-C8D1-4E93-B242-D07D76940D83}.Release|x64.ActiveCfg = Release|x64
		{3698FF24-C8D1-4E93-B242-D07D76940D83}.Release|x64.Build.0 = Release|x64
		{3698FF24-C8D1-4E93-B242-D07D76940D83}.Release|x86.ActiveCfg = Release|Win32
		{3698FF24-C8D1-4E93-B242-D07D76940D83}.Release|x86.Build.0 = Release|Win32
		{50E1C34F-DD91-4F18-AE56-20AEEE46C8A9}.Debug|x64.ActiveCfg = Debug|x64
		{50E1C34F-DD91-4F18-AE56-20AEEE46C8A9}.Debug|x64.Build.0 = Debug|x64
		{50E1C34F-DD91-4F18-AE56-20AEEE46C8A9}.Debug|x86.ActiveCfg = Debug|Win32
		{50E1C34F-DD91-4F18-AE56-20AEEE46C8A9}.Debug|x86.Build.0 = Debug|Win32
		{50E1C34F-DD91-4F18-AE56-20AEEE46C8A9}.Release|x64.ActiveCfg = Release|x64
		{50E1C34F-DD91-4F18-AE56-20AEEE46C8A9}.Release|x64.Build.0 = Release|x64
		{50E1C34F-DD91-4F18-AE56-20AEEE46C8A9}.Release|x86.ActiveCfg = Release|Win32
		{50E1C34F-DD91-4F18-AE56-20AEEE46C8A9}.Release|x86.Build.0 = Release|Win32
		{6705042C-3F21-444A-96B4-23AC3AE43182}.Debug|x64.ActiveCfg = Debug|x64
		{6705042C-3F21-444A-96B4-23AC3AE43182}.Debug|x64.Build.0 = Debug|x64
		{6705042C-3F21-444A-96B4-23AC3AE43182}.Debug|x86.ActiveCfg = Debug|Win32
		{6705042C-3F21-444A-96B4-23AC3AE43182}.Debug|x86.Build.0 = Debug|Win32
		{6705042C-3F21-444A-96B4-23AC3AE43182}.Release|x64.ActiveCfg = Release|x64
		{6705042C-3F21-444A-96B4-23AC3AE43182}.Release|x64.Build.0 = Release|x64
		{6705042C-3F21-444A-96B4-23AC3AE43182}.Release|x86.ActiveCfg = Release|Win32
		{6705042C-3F21-444A-96B4-23AC3AE43182}.Release|x86.Build.0 = Release|Win32
		{5BAAEDB3-B3BA-42D4-BBAF-520F59BEF08E}.Debug|x64.ActiveCfg = Debug|x64
		{5BAAEDB3-B3BA-42D4-BBAF-520F59BEF08E}.Debug|x64.Build.0 = Debug|x64
		{5BAAEDB3-B3BA-42D4-BBAF-520F59BEF08E}.Debug|x86.ActiveCfg = Debug|Win32
		{5BAAEDB3-B3BA-42D4-BBAF-520F59BEF08E}.Debug|x86.Build.0 = Debug|Win32
		{5BAAEDB3-B3BA-42D4-BBAF-520F59BEF08E}.Release|x64.ActiveCfg = Release|x64
		{5BAAEDB3-B3BA-42D4-BBAF-520F59BEF08E}.Release|x64.Build.0 = Release|x64
		{5BAAEDB3-B3BA-42D4-BBAF-520F59BEF08E}.Release|x86.ActiveCfg = Release|Win32
		{5BAAEDB3-B3BA-42D4-BBAF-520F59BEF08E}.Release|x86.Build.0 = Release|Win32
		{B7CF6ACA-290F-4DD4-9443-DC46B8A37C90}.Debug|x64.ActiveCfg = Debug|x64
		{B7CF6ACA-290F-4DD4-9443-DC46B8A37C90}.Debug|x64.Build.0 = Debug|x64
		{B7CF6ACA-290F-4DD4-9443-DC46B8A37C90}.Debug|x86.ActiveCfg = Debug|Win32
		{B7CF6ACA-290F-4DD4-9443-DC46B8A37C90}.Debug|x86.Build.0 = Debug|Win32
		{B7CF6ACA-290F-4DD4-9443-DC46B8A37C90}.Release|x64.ActiveCfg = Release|x64
		{B7CF6ACA-290F-4DD4-9443-DC46B8A37C90}.Release|x64.Build.0 = Release|x64
		{B7CF6ACA-290F-4DD4-9443-DC46B8A37C90}.Release|x86.ActiveCfg = Release|Win32
		{B7CF6ACA-290F-4DD4-9443-DC46B8A37C90}.Release|x86.Build.0 = Release|Win32
		{2E2C08C6-6418-49C5-8E44-72912F0A2986}.Debug|x64.ActiveCfg = Debug|x64
		{2E2C08C6-6418-49C5-8E44-72912F0A2986}.Debug|x64.Build.0 = Debug|x64
		{2E2C08C6-6418-49C5-8E44-72912F0A2986}.Debug|x86.ActiveCfg = Debug|Win32
		{2E2C08C6-6418-49C5-8E44-72912F0A2986}.Debug|x86.Build.0 = Debug|Win32
		{2E2C08C6-6418-49C5-8E44-72912F0A2986}.Release|x64.ActiveCfg = Release|x64
		{2E2C08C6-6418-49C5-8E44-72912F0A2986}.Release|x64.Build.0 = Release|x64
		{2E2C08C6-6418-49C5-8E44-72912F0A2986}.Release|x86.ActiveCfg = Release|Win32
		{2E2C08C6-6418-49C5-8E44-72912F0A2986}.Release|x86.Build.0 = Release|Win32
		{107551D2-8CD0-4CCD-B3FD-F057B72B2BB1}.Debug|x64.ActiveCfg = Debug|x64
		{107551D2-8CD0-4CCD-B3FD-F057B72B2BB1}.Debug|x64.Build.0 = Debug|x64
		{107551D2-8CD0-4CCD-B3FD-F057B72B2BB1}.Debug|x86.ActiveCfg = Debug|Win32
		{107551D2-8CD0-4CCD-B3FD-F057B72B2BB1}.Debug|x86.Build.0 = Debug|Win32
		{107551D2-8CD0-4CCD-B3FD-F057B72B2BB1}.Release|x64.ActiveCfg = Release|x64
		{107551D2-8CD0-4CCD-B3FD-F057B72B2BB1}.Release|x64.Build.0 = Release|x64
		{107551D2-8CD0-4CCD-B3FD-F057B72B2BB1}.Release|x86.ActiveCfg = Release|Win32
		{107551D2-8CD0-4CCD-B3FD-F057B72B2BB1}.Release|x86.Build.0 = Release|Win32
		{CDA83142-A0D3-4379-B522-9E6D3A2AD4B9}.Debug|x64.ActiveCfg = Debug|x64
		{CDA83142-A0D3-4379-B522-9E6D3A2AD4B9}.Debug|x64.Build.0 = Debug|x64
		{CDA83142-A0D3-4379-B522-9E6D3A2AD4B9}.Debug|x86.ActiveCfg = Debug|Win32
		{CDA83142-A0D3-4379-B522-9E6D3A2AD4B9}.Debug|x86.Build.0 = Debug|Win32
		{CDA83142-A0D3-4379-B522-9E6D3A2AD4B9}.Release|x64.ActiveCfg = Release|x64
		{CDA83142-A0D3-4379-B522-9E6D3A2AD4B9}.Release|x64.Build.0 = Release|x64
		{CDA83142-A0D3-4379-B522-9E6D3A2AD4B9}.Release|x86.ActiveCfg = Release|Win32
		{CDA83142-A0D3-4379-B522-9E6D3A2AD4B9}.Release|x86.Build.0 = Release|Win32
		{21C16B65-F990-428F-A644-0A522FD48ADA}.Debug|x64.ActiveCfg = Debug|x64
		{21C16B65-F990-428F-A644-0A522FD48ADA}.Debug|x64.Build.0 = Debug|x64
		{21C16B65-F990-428F-A644-0A522FD48ADA}.Debug|x86.ActiveCfg = Debug|Win32
		{21C16B65-F990-428F-A644-0A522FD48ADA}.Debug|x86.Build.0 = Debug|Win32
		{21C16B65-F990-428F-A644-0A522FD48ADA}.Release|x64.ActiveCfg = Release|x64
		{21C16B65-F990-428F-A644-0A522FD48ADA}.Release|x64.Build.0 = Release|x64
		{21C16B65-F990-428F-A644-0A522FD48ADA}.Release|x86.ActiveCfg = Release|Win32
		{21C16B65-F990-428F-A644-0A522FD48ADA}.Release|x86.Build.0 = Release|Win32
		{58E32466-0369-452B-8281-542EAFC4A9EE}.Debug|x64.ActiveCfg = Debug|x64
		{58E32466-0369-452B-8281-542EAFC4A9EE}.Debug|x64.Build.0 = Debug|x64
		{58E32466-0369-452B-8281-542EAFC4A9EE}.Debug|x86.ActiveCfg = Debug|Win32
		{58E32466-0369-452B-8281-542EAFC4A9EE}.Debug|x86.Build.0 = Debug|Win32
		{58E32466-0369-452B-8281-542EAFC4A9EE}.Release|x64.ActiveCfg = Release|x64
		{58E32466-0369-452B-8281-542EAFC4A9EE}.Release|x64.Build.0 = Release|x64
		{58E32466-0369-452B-8281-542EAFC4A9EE}.Release|x86.ActiveCfg = Release|Win32
		{58E32466-0369-452B-8281-542EAFC4A9EE}.Release|x86.Build.0 = Release|Win32
		{30F1F85A-51DF-4AFB-B7BD-6C148F6F414C}.Debug|x64.ActiveCfg = Debug|x64
		{30F1F85A-51DF-4AFB-B7BD-6C148F6F414C}.Debug|x64.Build.0 = Debug|x64
		{30F1F85A-51DF-4AFB-B7BD-6C148F6F414C}.Debug|x86.ActiveCfg = Debug|Win32
		{30F1F85A-51DF-4AFB-B7BD-6C148F6F414C}.Debug|x86.Build.0 = Debug|Win32
		{30F1F85A-51DF-4AFB-B7BD-6C148F6F414C}.Release|x64.ActiveCfg = Release|x64
		{30F1F85A-51DF-4AFB-B7BD-6C148F6F414C}.Release|x64.Build.0 = Release|x64
		{30F1F85A-51DF-4AFB-B7BD-6C148F6F414C}.Release|x86.ActiveCfg = Release|Win32
		{30F1F85A-51DF-4AFB-B7BD-6C148F6F414C}.Release|x86.Build.0 = Release|Win32
		{9746FA3C-3E63-406E-89EE-7039D7B833C6}.Debug|x64.ActiveCfg = Debug|x64
		{9746FA3C-3E63-406E-89EE-7039D7B833C6}.Debug|x64.Build.0 = Debug|x64
		{9746FA3C-3E63-406E-89EE-7039D7B833C6}.Debug|x86.ActiveCfg = Debug|Win32
		{9746FA3C-3E63-406E-89EE-7039D7B833C6}.Debug|x86.Build.0 = Debug|Win32
		{9746FA3C-3E63-406E-89EE-7039D7B833C6}.Release|x64.ActiveCfg = Release|x64
		{9746FA3C-3E63-406E-89EE-7039D7B833C6}.Release|x64.Build.0 = Release|x64
		{9746FA3C-3E63-406E-89EE-7039D7B833C6}.Release|x86.ActiveCfg = Release|Win32
		{9746FA3C-3E63-406E-89EE-7039D7B833C6}.Release|x86.Build.0 = Release|Win32
		{EC0002E3-4ED2-4072-B4AF-68499FC729CA}.Debug|x64.ActiveCfg = Debug|x64
		{EC0002E3-4ED2-4072-B4AF-68499FC729CA}.Debug|x64.Build.0 = Debug|x64
		{EC0002E3-4ED2-4072-B4AF-68499FC729CA}.Debug|x86.ActiveCfg = Debug|Win32
		{EC0002E3-4ED2-4072-B4AF-68499FC729CA}.Debug|x86.Build.0 = Debug|Win32
		{EC0002E3-4ED2-4072-B4AF-68499FC729CA}.Release|x64.ActiveCfg = Release|x64
		{EC0002E3-4ED2-4072-B4AF-68499FC729CA}.Release|x64.Build.0 = Release|x64
		{EC0002E3-4ED2-4072-B4AF-68499FC729CA}.Release|x86.ActiveCfg = Release|Win32
		{EC0002E3-4ED2-4072-B4AF-68499FC729CA}.Release|x86.Build.0 = Release|Win32
		{A8E2B696-DA53-45A0-A23B-7B79A100F647}.Debug|x64.ActiveCfg = Debug|x64
		{A8E2B696-DA53-45A0-A23B-7B79A100F647}.Debug|x64.Build.0 = Debug|x64
		{A8E2B696-DA53-45A0-A23B-7B79A100F647}.Debug|x86.ActiveCfg = Debug|Win32
		{A8E2B696-DA53-45A0-A23B-7B79A100F647}.Debug|x86.Build.0 = Debug|Win32
		{A8E2B696-DA53-45A0-A23B-7B79A100F647}.Release|x64.ActiveCfg = Release|x64
		{A8E2B696-DA53-45A0-A23B-7B79A100F647}.Release|x64.Build.0 = Release|x64
		{A8E2B696-DA53-45A0-A23B-7B79A100F647}.Release|x86.ActiveCfg = Release|Win32
		{A8E2B696-DA53-45A0-A23B-7B79A100F647}.Release|x86.Build.0 = Release|Win32
		{A8E85D6F-C880-465C-ACEE-6058F3D65FCF}.Debug|x64.ActiveCfg = Debug|x64
		{A8E85D6F-C880-465C-ACEE-6058F3D65FCF}.Debug|x64.Build.0 = Debug|x64
		{A8E85D6F-C880-465C-ACEE-6058F3D65FCF}.Debug|x86.ActiveCfg = Debug|Win32
		{A8E85D6F-C880-465C-ACEE-6058F3D65FCF}.Debug|x86.Build.0 = Debug|Win32
		{A8E85D6F-C880-465C-ACEE-6058F3D65FCF}.Release|x64.ActiveCfg = Release|x64
		{A8E85D6F-C880-465C-ACEE-6058F3D65FCF}.Release|x64.Build.0 = Release|x64
		{A8E85D6F-C880-465C-ACEE-6058F3D65FCF}.Release|x86.ActiveCfg = Release|Win32
		{A8E85D6F-C880-465C-ACEE-6058F3D65FCF}.Release|x86.Build.0 = Release|Win32
		{6B0855C9-2411-47BA-97B4-32A59477373D}.Debug|x64.ActiveCfg = Debug|x64
		{6B0855C9-2411-47BA-97B4-32A59477373D}.Debug|x64.Build.0 = Debug|x64
		{6B0855C9-2411-47BA-97B4-32A59477373D}.Debug|x86.ActiveCfg = Debug|Win32
		{6B0855C9-2411-47BA-97B4-32A59477373D}.Debug|x86.Build.0 = Debug|Win32
		{6B0855C9-2411-47BA-97B4-32A59477373D}.Release|x64.ActiveCfg = Release|x64
		{6B0855C9-2411-47BA-97B4-32A59477373D}.Release|x64.Build.0 = Release|x64
		{6B0855C9-2411-47BA-97B4-32A59477373D}.Release|x86.ActiveCfg = Release|Win32
		{6B0855C9-2411-47BA-97B4-32A59477373D}.Release|x86.Build.0 = Release|Win32
		{F614DF7A-B9DB-472A-B7E4-B0FE958FA06D}.Debug|x64.ActiveCfg = Debug|x64
		{F614DF7A-B9DB-472A-B7E4-B0FE958FA06D}.Debug|x64.Build.0 = Debug|x64
		{F614DF7A-B9DB-472A-B7E4-B0FE958FA06D}.Debug|x86.ActiveCfg = Debug|Win32
		{F614DF7A-B9DB-472A-B7E4-B0FE958FA06D}.Debug|x86.Build.0 = Debug|Win32
		{F614DF7A-B9DB-472A-B7E4-B0FE958FA06D}.Release|x64.ActiveCfg = Release|x64
		{F614DF7A-B9DB-472A-B7E4-B0FE958FA06D}.Release|x64.Build.0 = Release|x64
		{F614DF7A-B9DB-472A-B7E4-B0FE958FA06D}.Release|x86.ActiveCfg = Release|Win32
		{F614DF7A-B9DB-472A-B7E4-B0FE958FA06D}.Release|x86.Build.0 = Release|Win32
		{3BABB1A5-0F8F-4167-8830-34B84E2751F8}.Debug|x64.ActiveCfg = Debug|x64
		{3BABB1A5-0F8F-4167-8830-34B84E2751F8}.Debug|x64.Build.0 = Debug|x64
		{3BABB1A5-0F8F-4167-8830-34B84E2751F8}.Debug|x86.ActiveCfg = Debug|Win32
		{3BABB1A5-0F8F-4167-8830-34B84E2751F8}.Debug|x86.Build.0 = Debug|Win32
		{3BABB1A5-0F8F-4167-8830-34B84E2751F8}.Release|x64.ActiveCfg = Release|x64
		{3BABB1A5-0F8F-4167-8830-34B84E2751F8}.Release|x64.Build.0 = Release|x64
		{3BABB1A5-0F8F-4167-8830-34B84E2751F8}.Release|x86.ActiveCfg = Release|Win32
		{3BABB1A5-0F8F-4167-8830-34B84E2751F8}.Release|x86.Build.0 = Release|Win32
		{4836C6A1-1B33-4BB3-A1CA-944D67F1974E}.Debug|x64.ActiveCfg = Debug|x64
		{4836C6A1-1B33-4BB3-A1CA-944D67F1974E}.Debug|x64.Build.0 = Debug|x64
		{4836C6A1-1B33-4BB3-A1CA-944D67F1974E}.Debug|x86.ActiveCfg = Debug|Win32
		{4836C6A1-1B33-4BB3-A1CA-944D67F1974E}.Debug|x86.Build.0 = Debug|Win32
		{4836C6A1-1B33-4BB3-A1CA-944D67F1974E}.Release|x64.ActiveCfg = Release|x64
		{4836C6A1-1B33-4BB3-A1CA-944D67F1974E}.Release|x64.Build.0 = Release|x64
		{4836C6A1-1B33-4BB3-A1CA-944D67F1974E}.Release|x86.ActiveCfg = Release|Win32
		{4836C6A1-1B33-4BB3-A1CA-944D67F1974E}.Release|x86.Build.0 = Release|Win32
		{BED9FE2C-AAA4-406E-863D-9EEE53A4DB0B}.Debug|x64.ActiveCfg = Debug|x64
		{BED9FE2C-AAA4-406E-863D-9EEE53A4DB0B}.Debug|x64.Build.0 = Debug|x64
		{BED9FE2C-AAA4-406E-863D-9EEE53A4DB0B}.Debug|x86.ActiveCfg = Debug|Win32
		{BED9FE2C-AAA4-406E-863D-9EEE53A4DB0B}.Debug|x86.Build.0 = Debug|Win32
		{BED9FE2C-AAA4-406E-863D-9EEE53A4DB0B}.Release|x64.ActiveCfg = Release|x64
		{BED9FE2C-AAA4-406E-863D-9EEE53A4DB0B}.Release|x64.Build.0 = Release|x64
		{BED9FE2C-AAA4-406E-863D-9EEE53A4DB0B}.Release|x86.ActiveCfg = Release|Win32
		{BED9FE2C-AAA4-406E-863D-9EEE53A4DB0B}.Release|x86.Build.0 = Release|Win32
		{F67F83C1-3241-4642-8A68-2401CF82C8C1}.Debug|x64.ActiveCfg = Debug|x64
		{F67F83C1-3241-4642-8A68-2401CF82C8C1}.Debug|x64.Build.0 = Debug|x64
		{F67F83C1-3241-4642-8A68-2401CF82C8C1}.Debug|x86.ActiveCfg = Debug|Win32
		{F67F83C1-3241-4642-8A68-2401CF82C8C1}.Debug|x86.Build.0 = Debug|Win32
		{F67F83C1-3241-4642-8A68-2401CF82C8C1}.Release|x64.ActiveCfg = Release|x64
		{F67F83C1-3241-4642-8A68-2401CF82C8C1}.Release|x64.Build.0 = Release|x64
		{F67F83C1-3241-4642-8A68-2401CF82C8C1}.Release|x86.ActiveCfg = Release|Win32
		{F67F83C1-3241-4642-8A68-2401CF82C8C1}.Release|x86.Build.0 = Release|Win32
	EndGlobalSection
	GlobalSection(SolutionProperties) = preSolution
		HideSolutionNode = FALSE
	EndGlobalSection
	GlobalSection(ExtensibilityGlobals) = postSolution
		SolutionGuid = {444D0838-A28C-4B37-8732-30CC3FEDDC83}
	EndGlobalSection
EndGlobal
